
Microsoft Visual Studio Solution File, Format Version 12.00
# Visual Studio Version 17
VisualStudioVersion = 17.7.34018.315
MinimumVisualStudioVersion = 10.0.40219.1
Project("{FAE04EC0-301F-11D3-BF4B-00C04F79EFBC}") = "MyProject", "MyProject\MyProject.csproj", "{0F2830FF-FBBD-4C70-B3C5-033E594702C7}"
EndProject
Global
	GlobalSection(SolutionConfigurationPlatforms) = preSolution
		Debug|Any CPU = Debug|Any CPU
		Release|Any CPU = Release|Any CPU
	EndGlobalSection
	GlobalSection(ProjectConfigurationPlatforms) = postSolution
		{0F2830FF-FBBD-4C70-B3C5-033E594702C7}.Debug|Any CPU.ActiveCfg = Debug|Any CPU
		{0F2830FF-FBBD-4C70-B3C5-033E594702C7}.Debug|Any CPU.Build.0 = Debug|Any CPU
		{0F2830FF-FBBD-4C70-B3C5-033E594702C7}.Release|Any CPU.ActiveCfg = Release|Any CPU
		{0F2830FF-FBBD-4C70-B3C5-033E594702C7}.Release|Any CPU.Build.0 = Release|Any CPU
	EndGlobalSection
	GlobalSection(SolutionProperties) = preSolution
		HideSolutionNode = FALSE
	EndGlobalSection
	GlobalSection(ExtensibilityGlobals) = postSolution
		SolutionGuid = {D65942E4-0B5C-4503-85E6-FBFF7AE58E4E}
	EndGlobalSection
EndGlobal
